
Microsoft Visual Studio Solution File, Format Version 12.00
# Visual Studio Version 17
VisualStudioVersion = 17.11.35208.52
MinimumVisualStudioVersion = 10.0.40219.1
Project("{8BC9CEB8-8B4A-11D0-8D11-00A0C91BC942}") = "Tic-Tac-Toe", "Tic-Tac-Toe.vcxproj", "{B4E6F4DA-91E9-4C9D-9CA1-54D2B04F587F}"
EndProject
Global
	GlobalSection(SolutionConfigurationPlatforms) = preSolution
		Debug|x64 = Debug|x64
		Debug|x86 = Debug|x86
		Release|x64 = Release|x64
		Release|x86 = Release|x86
	EndGlobalSection
	GlobalSection(ProjectConfigurationPlatforms) = postSolution
		{B4E6F4DA-91E9-4C9D-9CA1-54D2B04F587F}.Debug|x64.ActiveCfg = Debug|x64
		{B4E6F4DA-91E9-4C9D-9CA1-54D2B04F587F}.Debug|x64.Build.0 = Debug|x64
		{B4E6F4DA-91E9-4C9D-9CA1-54D2B04F587F}.Debug|x86.ActiveCfg = Debug|Win32
		{B4E6F4DA-91E9-4C9D-9CA1-54D2B04F587F}.Debug|x86.Build.0 = Debug|Win32
		{B4E6F4DA-91E9-4C9D-9CA1-54D2B04F587F}.Release|x64.ActiveCfg = Release|x64
		{B4E6F4DA-91E9-4C9D-9CA1-54D2B04F587F}.Release|x64.Build.0 = Release|x64
		{B4E6F4DA-91E9-4C9D-9CA1-54D2B04F587F}.Release|x86.ActiveCfg = Release|Win32
		{B4E6F4DA-91E9-4C9D-9CA1-54D2B04F587F}.Release|x86.Build.0 = Release|Win32
	EndGlobalSection
	GlobalSection(SolutionProperties) = preSolution
		HideSolutionNode = FALSE
	EndGlobalSection
	GlobalSection(ExtensibilityGlobals) = postSolution
		SolutionGuid = {E0965EA5-8800-4B2C-B65F-90FC6CA63C81}
	EndGlobalSection
EndGlobal
